
Microsoft Visual Studio Solution File, Format Version 12.00
# Visual Studio Version 16
VisualStudioVersion = 16.0.30503.244
MinimumVisualStudioVersion = 10.0.40219.1
Project("{9A19103F-16F7-4668-BE54-9A1E7A4F7556}") = "Race", "Race\Race.csproj", "{213F5767-7DE7-47C2-844B-3B584696E273}"
EndProject
Project("{9A19103F-16F7-4668-BE54-9A1E7A4F7556}") = "Model", "Model\Model.csproj", "{3F8EA3F5-E34F-4E1E-A060-DA9A393D38FE}"
EndProject
Project("{9A19103F-16F7-4668-BE54-9A1E7A4F7556}") = "Controller", "Controller\Controller.csproj", "{7520B469-D40B-4083-B76B-215B7BD35303}"
EndProject
Project("{FAE04EC0-301F-11D3-BF4B-00C04F79EFBC}") = "ControllerTest", "ControllerTest\ControllerTest.csproj", "{19B3648D-48ED-4752-A237-0855CA050381}"
EndProject
Global
	GlobalSection(SolutionConfigurationPlatforms) = preSolution
		Debug|Any CPU = Debug|Any CPU
		Release|Any CPU = Release|Any CPU
	EndGlobalSection
	GlobalSection(ProjectConfigurationPlatforms) = postSolution
		{213F5767-7DE7-47C2-844B-3B584696E273}.Debug|Any CPU.ActiveCfg = Debug|Any CPU
		{213F5767-7DE7-47C2-844B-3B584696E273}.Debug|Any CPU.Build.0 = Debug|Any CPU
		{213F5767-7DE7-47C2-844B-3B584696E273}.Release|Any CPU.ActiveCfg = Release|Any CPU
		{213F5767-7DE7-47C2-844B-3B584696E273}.Release|Any CPU.Build.0 = Release|Any CPU
		{3F8EA3F5-E34F-4E1E-A060-DA9A393D38FE}.Debug|Any CPU.ActiveCfg = Debug|Any CPU
		{3F8EA3F5-E34F-4E1E-A060-DA9A393D38FE}.Debug|Any CPU.Build.0 = Debug|Any CPU
		{3F8EA3F5-E34F-4E1E-A060-DA9A393D38FE}.Release|Any CPU.ActiveCfg = Release|Any CPU
		{3F8EA3F5-E34F-4E1E-A060-DA9A393D38FE}.Release|Any CPU.Build.0 = Release|Any CPU
		{7520B469-D40B-4083-B76B-215B7BD35303}.Debug|Any CPU.ActiveCfg = Debug|Any CPU
		{7520B469-D40B-4083-B76B-215B7BD35303}.Debug|Any CPU.Build.0 = Debug|Any CPU
		{7520B469-D40B-4083-B76B-215B7BD35303}.Release|Any CPU.ActiveCfg = Release|Any CPU
		{7520B469-D40B-4083-B76B-215B7BD35303}.Release|Any CPU.Build.0 = Release|Any CPU
		{19B3648D-48ED-4752-A237-0855CA050381}.Debug|Any CPU.ActiveCfg = Debug|Any CPU
		{19B3648D-48ED-4752-A237-0855CA050381}.Debug|Any CPU.Build.0 = Debug|Any CPU
		{19B3648D-48ED-4752-A237-0855CA050381}.Release|Any CPU.ActiveCfg = Release|Any CPU
		{19B3648D-48ED-4752-A237-0855CA050381}.Release|Any CPU.Build.0 = Release|Any CPU
	EndGlobalSection
	GlobalSection(SolutionProperties) = preSolution
		HideSolutionNode = FALSE
	EndGlobalSection
	GlobalSection(ExtensibilityGlobals) = postSolution
		SolutionGuid = {92B1C8A7-7767-4C58-9BB2-0DD71FA77978}
	EndGlobalSection
EndGlobal
